// !$*UTF8*$!
{
	archiveVersion = 1;
	classes = {
	};
	objectVersion = 46;
	objects = {

/* Begin PBXBuildFile section */
		04B1A2991EEAF90F00749935 /* AppDelegate.swift in Sources */ = {isa = PBXBuildFile; fileRef = 04B1A2981EEAF90F00749935 /* AppDelegate.swift */; };
		04B1A29B1EEAF90F00749935 /* ViewController.swift in Sources */ = {isa = PBXBuildFile; fileRef = 04B1A29A1EEAF90F00749935 /* ViewController.swift */; };
		04B1A29E1EEAF90F00749935 /* Main.storyboard in Resources */ = {isa = PBXBuildFile; fileRef = 04B1A29C1EEAF90F00749935 /* Main.storyboard */; };
		04B1A2A11EEAF90F00749935 /* skinny.xcdatamodeld in Sources */ = {isa = PBXBuildFile; fileRef = 04B1A29F1EEAF90F00749935 /* skinny.xcdatamodeld */; };
		04B1A2A31EEAF90F00749935 /* Assets.xcassets in Resources */ = {isa = PBXBuildFile; fileRef = 04B1A2A21EEAF90F00749935 /* Assets.xcassets */; };
		04B1A2A61EEAF90F00749935 /* LaunchScreen.storyboard in Resources */ = {isa = PBXBuildFile; fileRef = 04B1A2A41EEAF90F00749935 /* LaunchScreen.storyboard */; };
/* End PBXBuildFile section */

/* Begin PBXFileReference section */
		04B1A2951EEAF90F00749935 /* skinny.app */ = {isa = PBXFileReference; explicitFileType = wrapper.application; includeInIndex = 0; path = skinny.app; sourceTree = BUILT_PRODUCTS_DIR; };
		04B1A2981EEAF90F00749935 /* AppDelegate.swift */ = {isa = PBXFileReference; lastKnownFileType = sourcecode.swift; path = AppDelegate.swift; sourceTree = "<group>"; };
		04B1A29A1EEAF90F00749935 /* ViewController.swift */ = {isa = PBXFileReference; lastKnownFileType = sourcecode.swift; path = ViewController.swift; sourceTree = "<group>"; };
		04B1A29D1EEAF90F00749935 /* Base */ = {isa = PBXFileReference; lastKnownFileType = file.storyboard; name = Base; path = Base.lproj/Main.storyboard; sourceTree = "<group>"; };
		04B1A2A01EEAF90F00749935 /* skinny.xcdatamodel */ = {isa = PBXFileReference; lastKnownFileType = wrapper.xcdatamodel; path = skinny.xcdatamodel; sourceTree = "<group>"; };
		04B1A2A21EEAF90F00749935 /* Assets.xcassets */ = {isa = PBXFileReference; lastKnownFileType = folder.assetcatalog; path = Assets.xcassets; sourceTree = "<group>"; };
		04B1A2A51EEAF90F00749935 /* Base */ = {isa = PBXFileReference; lastKnownFileType = file.storyboard; name = Base; path = Base.lproj/LaunchScreen.storyboard; sourceTree = "<group>"; };
		04B1A2A71EEAF90F00749935 /* Info.plist */ = {isa = PBXFileReference; lastKnownFileType = text.plist.xml; path = Info.plist; sourceTree = "<group>"; };
/* End PBXFileReference section */

/* Begin PBXFrameworksBuildPhase section */
		04B1A2921EEAF90F00749935 /* Frameworks */ = {
			isa = PBXFrameworksBuildPhase;
			buildActionMask = 2147483647;
			files = (
			);
			runOnlyForDeploymentPostprocessing = 0;
		};
/* End PBXFrameworksBuildPhase section */

/* Begin PBXGroup section */
		04B1A28C1EEAF90F00749935 = {
			isa = PBXGroup;
			children = (
				04B1A2971EEAF90F00749935 /* skinny */,
				04B1A2961EEAF90F00749935 /* Products */,
			);
			sourceTree = "<group>";
		};
		04B1A2961EEAF90F00749935 /* Products */ = {
			isa = PBXGroup;
			children = (
				04B1A2951EEAF90F00749935 /* skinny.app */,
			);
			name = Products;
			sourceTree = "<group>";
		};
		04B1A2971EEAF90F00749935 /* skinny */ = {
			isa = PBXGroup;
			children = (
				04B1A2981EEAF90F00749935 /* AppDelegate.swift */,
				04B1A29A1EEAF90F00749935 /* ViewController.swift */,
				04B1A29C1EEAF90F00749935 /* Main.storyboard */,
				04B1A2A21EEAF90F00749935 /* Assets.xcassets */,
				04B1A2A41EEAF90F00749935 /* LaunchScreen.storyboard */,
				04B1A2A71EEAF90F00749935 /* Info.plist */,
				04B1A29F1EEAF90F00749935 /* skinny.xcdatamodeld */,
			);
			path = skinny;
			sourceTree = "<group>";
		};
/* End PBXGroup section */

/* Begin PBXNativeTarget section */
		04B1A2941EEAF90F00749935 /* skinny */ = {
			isa = PBXNativeTarget;
			buildConfigurationList = 04B1A2AA1EEAF90F00749935 /* Build configuration list for PBXNativeTarget "skinny" */;
			buildPhases = (
				04B1A2911EEAF90F00749935 /* Sources */,
				04B1A2921EEAF90F00749935 /* Frameworks */,
				04B1A2931EEAF90F00749935 /* Resources */,
			);
			buildRules = (
			);
			dependencies = (
			);
			name = skinny;
			productName = skinny;
			productReference = 04B1A2951EEAF90F00749935 /* skinny.app */;
			productType = "com.apple.product-type.application";
		};
/* End PBXNativeTarget section */

/* Begin PBXProject section */
		04B1A28D1EEAF90F00749935 /* Project object */ = {
			isa = PBXProject;
			attributes = {
				LastSwiftUpdateCheck = 0830;
				LastUpgradeCheck = 0830;
				ORGANIZATIONNAME = Mac;
				TargetAttributes = {
					04B1A2941EEAF90F00749935 = {
						CreatedOnToolsVersion = 8.3.2;
						DevelopmentTeam = VJGEDW5SA9;
						ProvisioningStyle = Automatic;
					};
				};
			};
			buildConfigurationList = 04B1A2901EEAF90F00749935 /* Build configuration list for PBXProject "skinny" */;
			compatibilityVersion = "Xcode 3.2";
			developmentRegion = English;
			hasScannedForEncodings = 0;
			knownRegions = (
				en,
				Base,
			);
			mainGroup = 04B1A28C1EEAF90F00749935;
			productRefGroup = 04B1A2961EEAF90F00749935 /* Products */;
			projectDirPath = "";
			projectRoot = "";
			targets = (
				04B1A2941EEAF90F00749935 /* skinny */,
			);
		};
/* End PBXProject section */

/* Begin PBXResourcesBuildPhase section */
		04B1A2931EEAF90F00749935 /* Resources */ = {
			isa = PBXResourcesBuildPhase;
			buildActionMask = 2147483647;
			files = (
				04B1A2A61EEAF90F00749935 /* LaunchScreen.storyboard in Resources */,
				04B1A2A31EEAF90F00749935 /* Assets.xcassets in Resources */,
				04B1A29E1EEAF90F00749935 /* Main.storyboard in Resources */,
			);
			runOnlyForDeploymentPostprocessing = 0;
		};
/* End PBXResourcesBuildPhase section */

/* Begin PBXSourcesBuildPhase section */
		04B1A2911EEAF90F00749935 /* Sources */ = {
			isa = PBXSourcesBuildPhase;
			buildActionMask = 2147483647;
			files = (
				04B1A29B1EEAF90F00749935 /* ViewController.swift in Sources */,
				04B1A2991EEAF90F00749935 /* AppDelegate.swift in Sources */,
				04B1A2A11EEAF90F00749935 /* skinny.xcdatamodeld in Sources */,
			);
			runOnlyForDeploymentPostprocessing = 0;
		};
/* End PBXSourcesBuildPhase section */

/* Begin PBXVariantGroup section */
		04B1A29C1EEAF90F00749935 /* Main.storyboard */ = {
			isa = PBXVariantGroup;
			children = (
				04B1A29D1EEAF90F00749935 /* Base */,
			);
			name = Main.storyboard;
			sourceTree = "<group>";
		};
		04B1A2A41EEAF90F00749935 /* LaunchScreen.storyboard */ = {
			isa = PBXVariantGroup;
			children = (
				04B1A2A51EEAF90F00749935 /* Base */,
			);
			name = LaunchScreen.storyboard;
			sourceTree = "<group>";
		};
/* End PBXVariantGroup section */

/* Begin XCBuildConfiguration section */
		04B1A2A81EEAF90F00749935 /* Debug */ = {
			isa = XCBuildConfiguration;
			buildSettings = {
				ALWAYS_SEARCH_USER_PATHS = NO;
				CLANG_ANALYZER_NONNULL = YES;
				CLANG_ANALYZER_NUMBER_OBJECT_CONVERSION = YES_AGGRESSIVE;
				CLANG_CXX_LANGUAGE_STANDARD = "gnu++0x";
				CLANG_CXX_LIBRARY = "libc++";
				CLANG_ENABLE_MODULES = YES;
				CLANG_ENABLE_OBJC_ARC = YES;
				CLANG_WARN_BOOL_CONVERSION = YES;
				CLANG_WARN_CONSTANT_CONVERSION = YES;
				CLANG_WARN_DIRECT_OBJC_ISA_USAGE = YES_ERROR;
				CLANG_WARN_DOCUMENTATION_COMMENTS = YES;
				CLANG_WARN_EMPTY_BODY = YES;
				CLANG_WARN_ENUM_CONVERSION = YES;
				CLANG_WARN_INFINITE_RECURSION = YES;
				CLANG_WARN_INT_CONVERSION = YES;
				CLANG_WARN_OBJC_ROOT_CLASS = YES_ERROR;
				CLANG_WARN_SUSPICIOUS_MOVE = YES;
				CLANG_WARN_UNREACHABLE_CODE = YES;
				CLANG_WARN__DUPLICATE_METHOD_MATCH = YES;
				"CODE_SIGN_IDENTITY[sdk=iphoneos*]" = "iPhone Developer";
				COPY_PHASE_STRIP = NO;
				DEBUG_INFORMATION_FORMAT = dwarf;
				ENABLE_STRICT_OBJC_MSGSEND = YES;
				ENABLE_TESTABILITY = YES;
				GCC_C_LANGUAGE_STANDARD = gnu99;
				GCC_DYNAMIC_NO_PIC = NO;
				GCC_NO_COMMON_BLOCKS = YES;
				GCC_OPTIMIZATION_LEVEL = 0;
				GCC_PREPROCESSOR_DEFINITIONS = (
					"DEBUG=1",
					"$(inherited)",
				);
				GCC_WARN_64_TO_32_BIT_CONVERSION = YES;
				GCC_WARN_ABOUT_RETURN_TYPE = YES_ERROR;
				GCC_WARN_UNDECLARED_SELECTOR = YES;
				GCC_WARN_UNINITIALIZED_AUTOS = YES_AGGRESSIVE;
				GCC_WARN_UNUSED_FUNCTION = YES;
				GCC_WARN_UNUSED_VARIABLE = YES;
				IPHONEOS_DEPLOYMENT_TARGET = 10.3;
				MTL_ENABLE_DEBUG_INFO = YES;
				ONLY_ACTIVE_ARCH = YES;
				SDKROOT = iphoneos;
				SWIFT_ACTIVE_COMPILATION_CONDITIONS = DEBUG;
				SWIFT_OPTIMIZATION_LEVEL = "-Onone";
				TARGETED_DEVICE_FAMILY = "1,2";
			};
			name = Debug;
		};
		04B1A2A91EEAF90F00749935 /* Release */ = {
			isa = XCBuildConfiguration;
			buildSettings = {
				ALWAYS_SEARCH_USER_PATHS = NO;
				CLANG_ANALYZER_NONNULL = YES;
				CLANG_ANALYZER_NUMBER_OBJECT_CONVERSION = YES_AGGRESSIVE;
				CLANG_CXX_LANGUAGE_STANDARD = "gnu++0x";
				CLANG_CXX_LIBRARY = "libc++";
				CLANG_ENABLE_MODULES = YES;
				CLANG_ENABLE_OBJC_ARC = YES;
				CLANG_WARN_BOOL_CONVERSION = YES;
				CLANG_WARN_CONSTANT_CONVERSION = YES;
				CLANG_WARN_DIRECT_OBJC_ISA_USAGE = YES_ERROR;
				CLANG_WARN_DOCUMENTATION_COMMENTS = YES;
				CLANG_WARN_EMPTY_BODY = YES;
				CLANG_WARN_ENUM_CONVERSION = YES;
				CLANG_WARN_INFINITE_RECURSION = YES;
				CLANG_WARN_INT_CONVERSION = YES;
				CLANG_WARN_OBJC_ROOT_CLASS = YES_ERROR;
				CLANG_WARN_SUSPICIOUS_MOVE = YES;
				CLANG_WARN_UNREACHABLE_CODE = YES;
				CLANG_WARN__DUPLICATE_METHOD_MATCH = YES;
				"CODE_SIGN_IDENTITY[sdk=iphoneos*]" = "iPhone Developer";
				COPY_PHASE_STRIP = NO;
				DEBUG_INFORMATION_FORMAT = "dwarf-with-dsym";
				ENABLE_NS_ASSERTIONS = NO;
				ENABLE_STRICT_OBJC_MSGSEND = YES;
				GCC_C_LANGUAGE_STANDARD = gnu99;
				GCC_NO_COMMON_BLOCKS = YES;
				GCC_WARN_64_TO_32_BIT_CONVERSION = YES;
				GCC_WARN_ABOUT_RETURN_TYPE = YES_ERROR;
				GCC_WARN_UNDECLARED_SELECTOR = YES;
				GCC_WARN_UNINITIALIZED_AUTOS = YES_AGGRESSIVE;
				GCC_WARN_UNUSED_FUNCTION = YES;
				GCC_WARN_UNUSED_VARIABLE = YES;
				IPHONEOS_DEPLOYMENT_TARGET = 10.3;
				MTL_ENABLE_DEBUG_INFO = NO;
				SDKROOT = iphoneos;
				SWIFT_OPTIMIZATION_LEVEL = "-Owholemodule";
				TARGETED_DEVICE_FAMILY = "1,2";
				VALIDATE_PRODUCT = YES;
			};
			name = Release;
		};
		04B1A2AB1EEAF90F00749935 /* Debug */ = {
			isa = XCBuildConfiguration;
			buildSettings = {
				ASSETCATALOG_COMPILER_APPICON_NAME = AppIcon;
				DEVELOPMENT_TEAM = VJGEDW5SA9;
				INFOPLIST_FILE = skinny/Info.plist;
				LD_RUNPATH_SEARCH_PATHS = "$(inherited) @executable_path/Frameworks";
				PRODUCT_BUNDLE_IDENTIFIER = com.sunnylee945.skinny;
				PRODUCT_NAME = "$(TARGET_NAME)";
				SWIFT_VERSION = 3.0;
			};
			name = Debug;
		};
		04B1A2AC1EEAF90F00749935 /* Release */ = {
			isa = XCBuildConfiguration;
			buildSettings = {
				ASSETCATALOG_COMPILER_APPICON_NAME = AppIcon;
				DEVELOPMENT_TEAM = VJGEDW5SA9;
				INFOPLIST_FILE = skinny/Info.plist;
				LD_RUNPATH_SEARCH_PATHS = "$(inherited) @executable_path/Frameworks";
				PRODUCT_BUNDLE_IDENTIFIER = com.sunnylee945.skinny;
				PRODUCT_NAME = "$(TARGET_NAME)";
				SWIFT_VERSION = 3.0;
			};
			name = Release;
		};
/* End XCBuildConfiguration section */

/* Begin XCConfigurationList section */
		04B1A2901EEAF90F00749935 /* Build configuration list for PBXProject "skinny" */ = {
			isa = XCConfigurationList;
			buildConfigurations = (
				04B1A2A81EEAF90F00749935 /* Debug */,
				04B1A2A91EEAF90F00749935 /* Release */,
			);
			defaultConfigurationIsVisible = 0;
			defaultConfigurationName = Release;
		};
		04B1A2AA1EEAF90F00749935 /* Build configuration list for PBXNativeTarget "skinny" */ = {
			isa = XCConfigurationList;
			buildConfigurations = (
				04B1A2AB1EEAF90F00749935 /* Debug */,
				04B1A2AC1EEAF90F00749935 /* Release */,
			);
			defaultConfigurationIsVisible = 0;
		};
/* End XCConfigurationList section */

/* Begin XCVersionGroup section */
		04B1A29F1EEAF90F00749935 /* skinny.xcdatamodeld */ = {
			isa = XCVersionGroup;
			children = (
				04B1A2A01EEAF90F00749935 /* skinny.xcdatamodel */,
			);
			currentVersion = 04B1A2A01EEAF90F00749935 /* skinny.xcdatamodel */;
			path = skinny.xcdatamodeld;
			sourceTree = "<group>";
			versionGroupType = wrapper.xcdatamodel;
		};
/* End XCVersionGroup section */
	};
	rootObject = 04B1A28D1EEAF90F00749935 /* Project object */;
}
